Microsoft Visual Studio Solution File, Format Version 11.00
# Visual Studio 2008

Project("{1FC3D29F-4776-9480-C705-D3833B0066CB}") = "racoonRun.git", "Assembly-CSharp.csproj", "{DB766B04-F81C-CA4B-CB1D-A5BEB3419826}"
EndProject
Global
	GlobalSection(SolutionConfigurationPlatforms) = preSolution
		Debug|Any CPU = Debug|Any CPU
		Release|Any CPU = Release|Any CPU
	EndGlobalSection
	GlobalSection(ProjectConfigurationPlatforms) = postSolution
		{DB766B04-F81C-CA4B-CB1D-A5BEB3419826}.Debug|Any CPU.ActiveCfg = Debug|Any CPU
		{DB766B04-F81C-CA4B-CB1D-A5BEB3419826}.Debug|Any CPU.Build.0 = Debug|Any CPU
		{DB766B04-F81C-CA4B-CB1D-A5BEB3419826}.Release|Any CPU.ActiveCfg = Release|Any CPU
		{DB766B04-F81C-CA4B-CB1D-A5BEB3419826}.Release|Any CPU.Build.0 = Release|Any CPU
	EndGlobalSection
	GlobalSection(SolutionProperties) = preSolution
		HideSolutionNode = FALSE
	EndGlobalSection
	GlobalSection(MonoDevelopProperties) = preSolution
		StartupItem = Assembly-CSharp.csproj
	EndGlobalSection
EndGlobal
