
Microsoft Visual Studio Solution File, Format Version 12.00
# Visual Studio 2015
Project("{FAE04EC0-301F-11D3-BF4B-00C04F79EFBC}") = "racoonRun.CSharp.Plugins", "racoonRun.CSharp.Plugins.csproj", "{A247683C-AE42-120E-B3E2-8D424085430A}"
EndProject
Project("{FAE04EC0-301F-11D3-BF4B-00C04F79EFBC}") = "racoonRun.CSharp", "racoonRun.CSharp.csproj", "{139D95C2-C059-BD4B-F7FF-222E41741203}"
EndProject
Project("{FAE04EC0-301F-11D3-BF4B-00C04F79EFBC}") = "racoonRun.CSharp.Editor.Plugins", "racoonRun.CSharp.Editor.Plugins.csproj", "{91EB9407-F748-B45F-64DD-AD90FAB0324F}"
EndProject
Project("{FAE04EC0-301F-11D3-BF4B-00C04F79EFBC}") = "racoonRun.CSharp.Editor", "racoonRun.CSharp.Editor.csproj", "{DA103FD7-5C9F-9955-A0F1-8226F0EE6AFA}"
EndProject
Global
	GlobalSection(SolutionConfigurationPlatforms) = preSolution
		Debug|Any CPU = Debug|Any CPU
		Release|Any CPU = Release|Any CPU
	EndGlobalSection
	GlobalSection(ProjectConfigurationPlatforms) = postSolution
		{A247683C-AE42-120E-B3E2-8D424085430A}.Debug|Any CPU.ActiveCfg = Debug|Any CPU
		{A247683C-AE42-120E-B3E2-8D424085430A}.Debug|Any CPU.Build.0 = Debug|Any CPU
		{A247683C-AE42-120E-B3E2-8D424085430A}.Release|Any CPU.ActiveCfg = Release|Any CPU
		{A247683C-AE42-120E-B3E2-8D424085430A}.Release|Any CPU.Build.0 = Release|Any CPU
		{139D95C2-C059-BD4B-F7FF-222E41741203}.Debug|Any CPU.ActiveCfg = Debug|Any CPU
		{139D95C2-C059-BD4B-F7FF-222E41741203}.Debug|Any CPU.Build.0 = Debug|Any CPU
		{139D95C2-C059-BD4B-F7FF-222E41741203}.Release|Any CPU.ActiveCfg = Release|Any CPU
		{139D95C2-C059-BD4B-F7FF-222E41741203}.Release|Any CPU.Build.0 = Release|Any CPU
		{91EB9407-F748-B45F-64DD-AD90FAB0324F}.Debug|Any CPU.ActiveCfg = Debug|Any CPU
		{91EB9407-F748-B45F-64DD-AD90FAB0324F}.Debug|Any CPU.Build.0 = Debug|Any CPU
		{91EB9407-F748-B45F-64DD-AD90FAB0324F}.Release|Any CPU.ActiveCfg = Release|Any CPU
		{91EB9407-F748-B45F-64DD-AD90FAB0324F}.Release|Any CPU.Build.0 = Release|Any CPU
		{DA103FD7-5C9F-9955-A0F1-8226F0EE6AFA}.Debug|Any CPU.ActiveCfg = Debug|Any CPU
		{DA103FD7-5C9F-9955-A0F1-8226F0EE6AFA}.Debug|Any CPU.Build.0 = Debug|Any CPU
		{DA103FD7-5C9F-9955-A0F1-8226F0EE6AFA}.Release|Any CPU.ActiveCfg = Release|Any CPU
		{DA103FD7-5C9F-9955-A0F1-8226F0EE6AFA}.Release|Any CPU.Build.0 = Release|Any CPU
	EndGlobalSection
	GlobalSection(SolutionProperties) = preSolution
		HideSolutionNode = FALSE
	EndGlobalSection
EndGlobal
